
Microsoft Visual Studio Solution File, Format Version 12.00
# Visual Studio Version 16
VisualStudioVersion = 16.0.31624.102
MinimumVisualStudioVersion = 10.0.40219.1
Project("{FAE04EC0-301F-11D3-BF4B-00C04F79EFBC}") = "Hangman_Project", "Hangman_Project\Hangman_Project.csproj", "{5A7538F2-85D5-4071-91D0-5352DE920D70}"
EndProject
Global
	GlobalSection(SolutionConfigurationPlatforms) = preSolution
		Debug|Any CPU = Debug|Any CPU
		Release|Any CPU = Release|Any CPU
	EndGlobalSection
	GlobalSection(ProjectConfigurationPlatforms) = postSolution
		{5A7538F2-85D5-4071-91D0-5352DE920D70}.Debug|Any CPU.ActiveCfg = Debug|Any CPU
		{5A7538F2-85D5-4071-91D0-5352DE920D70}.Debug|Any CPU.Build.0 = Debug|Any CPU
		{5A7538F2-85D5-4071-91D0-5352DE920D70}.Release|Any CPU.ActiveCfg = Release|Any CPU
		{5A7538F2-85D5-4071-91D0-5352DE920D70}.Release|Any CPU.Build.0 = Release|Any CPU
	EndGlobalSection
	GlobalSection(SolutionProperties) = preSolution
		HideSolutionNode = FALSE
	EndGlobalSection
	GlobalSection(ExtensibilityGlobals) = postSolution
		SolutionGuid = {0ADF0095-C6CA-4531-834A-79022BF29759}
	EndGlobalSection
EndGlobal
